
Microsoft Visual Studio Solution File, Format Version 12.00
# Visual Studio Version 16
VisualStudioVersion = 16.0.31205.134
MinimumVisualStudioVersion = 10.0.40219.1
Project("{FAE04EC0-301F-11D3-BF4B-00C04F79EFBC}") = "Exerciciosecao3", "Exerciciosecao3\Exerciciosecao3.csproj", "{E224F009-A77E-44EC-92D4-5C30BD5DFC37}"
EndProject
Global
	GlobalSection(SolutionConfigurationPlatforms) = preSolution
		Debug|Any CPU = Debug|Any CPU
		Release|Any CPU = Release|Any CPU
	EndGlobalSection
	GlobalSection(ProjectConfigurationPlatforms) = postSolution
		{E224F009-A77E-44EC-92D4-5C30BD5DFC37}.Debug|Any CPU.ActiveCfg = Debug|Any CPU
		{E224F009-A77E-44EC-92D4-5C30BD5DFC37}.Debug|Any CPU.Build.0 = Debug|Any CPU
		{E224F009-A77E-44EC-92D4-5C30BD5DFC37}.Release|Any CPU.ActiveCfg = Release|Any CPU
		{E224F009-A77E-44EC-92D4-5C30BD5DFC37}.Release|Any CPU.Build.0 = Release|Any CPU
	EndGlobalSection
	GlobalSection(SolutionProperties) = preSolution
		HideSolutionNode = FALSE
	EndGlobalSection
	GlobalSection(ExtensibilityGlobals) = postSolution
		SolutionGuid = {66F62432-F61E-4050-94C3-26C8AF986678}
	EndGlobalSection
EndGlobal
